
Microsoft Visual Studio Solution File, Format Version 10.00
# Visual Studio 2008
Project("{8BC9CEB8-8B4A-11D0-8D11-00A0C91BC942}") = "swproj1", "swproj1.vcproj", "{602293BA-D817-4C66-9841-58DDFC0830B1}"
EndProject
Global
	GlobalSection(SolutionConfigurationPlatforms) = preSolution
		Debug|Win32 = Debug|Win32
		Release|Win32 = Release|Win32
	EndGlobalSection
	GlobalSection(ProjectConfigurationPlatforms) = postSolution
		{602293BA-D817-4C66-9841-58DDFC0830B1}.Debug|Win32.ActiveCfg = Debug|Win32
		{602293BA-D817-4C66-9841-58DDFC0830B1}.Debug|Win32.Build.0 = Debug|Win32
		{602293BA-D817-4C66-9841-58DDFC0830B1}.Release|Win32.ActiveCfg = Release|Win32
		{602293BA-D817-4C66-9841-58DDFC0830B1}.Release|Win32.Build.0 = Release|Win32
	EndGlobalSection
	GlobalSection(SolutionProperties) = preSolution
		HideSolutionNode = FALSE
	EndGlobalSection
EndGlobal
